
Microsoft Visual Studio Solution File, Format Version 12.00
# Visual Studio 2012
Project("{FAE04EC0-301F-11D3-BF4B-00C04F79EFBC}") = "KoloLos", "KoloLos\KoloLos.csproj", "{3C1D4E08-70FD-4E50-B7ED-B3C6ADBBC44A}"
EndProject
Project("{FAE04EC0-301F-11D3-BF4B-00C04F79EFBC}") = "KoloLos.Tests", "KoloLos.Tests\KoloLos.Tests.csproj", "{C0597C2F-7AA6-427C-8AD6-0155E2D79150}"
EndProject
Project("{FAE04EC0-301F-11D3-BF4B-00C04F79EFBC}") = "KoloLosDataLayer", "KoloLosDataLayer\KoloLosDataLayer.csproj", "{020CC762-7661-4128-87F7-9FFE3749A497}"
EndProject
Project("{FAE04EC0-301F-11D3-BF4B-00C04F79EFBC}") = "KoloLosLogic", "KoloLosLogic\KoloLosLogic.csproj", "{AAF16FFD-505E-47D8-82AF-35FB13F650AC}"
EndProject
Project("{2150E333-8FDC-42A3-9474-1A3956D46DE8}") = ".nuget", ".nuget", "{4ACDED61-A0ED-4468-86B1-E432DD8AFD3E}"
	ProjectSection(SolutionItems) = preProject
		.nuget\NuGet.Config = .nuget\NuGet.Config
		.nuget\NuGet.exe = .nuget\NuGet.exe
		.nuget\NuGet.targets = .nuget\NuGet.targets
	EndProjectSection
EndProject
Global
	GlobalSection(SolutionConfigurationPlatforms) = preSolution
		Debug|Any CPU = Debug|Any CPU
		Release|Any CPU = Release|Any CPU
	EndGlobalSection
	GlobalSection(ProjectConfigurationPlatforms) = postSolution
		{3C1D4E08-70FD-4E50-B7ED-B3C6ADBBC44A}.Debug|Any CPU.ActiveCfg = Debug|Any CPU
		{3C1D4E08-70FD-4E50-B7ED-B3C6ADBBC44A}.Debug|Any CPU.Build.0 = Debug|Any CPU
		{3C1D4E08-70FD-4E50-B7ED-B3C6ADBBC44A}.Release|Any CPU.ActiveCfg = Release|Any CPU
		{3C1D4E08-70FD-4E50-B7ED-B3C6ADBBC44A}.Release|Any CPU.Build.0 = Release|Any CPU
		{C0597C2F-7AA6-427C-8AD6-0155E2D79150}.Debug|Any CPU.ActiveCfg = Debug|Any CPU
		{C0597C2F-7AA6-427C-8AD6-0155E2D79150}.Debug|Any CPU.Build.0 = Debug|Any CPU
		{C0597C2F-7AA6-427C-8AD6-0155E2D79150}.Release|Any CPU.ActiveCfg = Release|Any CPU
		{C0597C2F-7AA6-427C-8AD6-0155E2D79150}.Release|Any CPU.Build.0 = Release|Any CPU
		{020CC762-7661-4128-87F7-9FFE3749A497}.Debug|Any CPU.ActiveCfg = Debug|Any CPU
		{020CC762-7661-4128-87F7-9FFE3749A497}.Debug|Any CPU.Build.0 = Debug|Any CPU
		{020CC762-7661-4128-87F7-9FFE3749A497}.Release|Any CPU.ActiveCfg = Release|Any CPU
		{020CC762-7661-4128-87F7-9FFE3749A497}.Release|Any CPU.Build.0 = Release|Any CPU
		{AAF16FFD-505E-47D8-82AF-35FB13F650AC}.Debug|Any CPU.ActiveCfg = Debug|Any CPU
		{AAF16FFD-505E-47D8-82AF-35FB13F650AC}.Debug|Any CPU.Build.0 = Debug|Any CPU
		{AAF16FFD-505E-47D8-82AF-35FB13F650AC}.Release|Any CPU.ActiveCfg = Release|Any CPU
		{AAF16FFD-505E-47D8-82AF-35FB13F650AC}.Release|Any CPU.Build.0 = Release|Any CPU
	EndGlobalSection
	GlobalSection(SolutionProperties) = preSolution
		HideSolutionNode = FALSE
	EndGlobalSection
EndGlobal
